
Microsoft Visual Studio Solution File, Format Version 12.00
# Visual Studio Version 17
VisualStudioVersion = 17.14.36221.1 d17.14
MinimumVisualStudioVersion = 10.0.40219.1
Project("{FAE04EC0-301F-11D3-BF4B-00C04F79EFBC}") = "WinFormsApp1", "WinFormsApp1\WinFormsApp1.csproj", "{C7A77652-CB7A-4881-BCB6-B85A9775355F}"
EndProject
Global
	GlobalSection(SolutionConfigurationPlatforms) = preSolution
		Debug|Any CPU = Debug|Any CPU
		Release|Any CPU = Release|Any CPU
	EndGlobalSection
	GlobalSection(ProjectConfigurationPlatforms) = postSolution
		{C7A77652-CB7A-4881-BCB6-B85A9775355F}.Debug|Any CPU.ActiveCfg = Debug|Any CPU
		{C7A77652-CB7A-4881-BCB6-B85A9775355F}.Debug|Any CPU.Build.0 = Debug|Any CPU
		{C7A77652-CB7A-4881-BCB6-B85A9775355F}.Release|Any CPU.ActiveCfg = Release|Any CPU
		{C7A77652-CB7A-4881-BCB6-B85A9775355F}.Release|Any CPU.Build.0 = Release|Any CPU
	EndGlobalSection
	GlobalSection(SolutionProperties) = preSolution
		HideSolutionNode = FALSE
	EndGlobalSection
	GlobalSection(ExtensibilityGlobals) = postSolution
		SolutionGuid = {AE7DB962-A63F-4541-BE32-C93398383F02}
	EndGlobalSection
EndGlobal
